# This file is automatically @generated by Cargo.
# It is not intended for manual editing.
version = 3

[[package]]
name = "jsmn"
version = "0.1.5"
source = "registry+https://github.com/rust-lang/crates.io-index"
checksum = "03345f4e6d21355a9d86fccb08e371cfe105ca90e5f3ebcf2a5e1ccfa090fe66"

[[package]]
name = "json"
version = "0.1.0"
dependencies = [
 "jsmn",
 "warduino",
]

[[package]]
name = "warduino"
version = "0.1.0"
