# This file is automatically @generated by Cargo.
# It is not intended for manual editing.
version = 3

[[package]]
name = "json"
version = "0.1.0"
dependencies = [
 "tinyjson",
 "warduino",
]

[[package]]
name = "tinyjson"
version = "2.5.0"
source = "registry+https://github.com/rust-lang/crates.io-index"
checksum = "b4b2f023483085707f4f0c1238a8a7baf8b502a1d427b9ed2a243884d3d687bb"

[[package]]
name = "warduino"
version = "0.1.0"
