{
  "name": "smartlamp",
  "version": "0.1.0",
  "lockfileVersion": 2,
  "requires": true,
  "packages": {
    "": {
      "name": "smartlamp",
      "version": "0.1.0",
      "license": "ISC",
      "dependencies": {
        "@assemblyscript/loader": "^0.17.1"
      },
      "devDependencies": {
        "assemblyscript": "^0.17.14"
      }
    },
    "node_modules/@assemblyscript/loader": {
      "version": "0.17.14",
      "resolved": "https://registry.npmjs.org/@assemblyscript/loader/-/loader-0.17.14.tgz",
      "integrity": "sha512-+PVTOfla/0XMLRTQLJFPg4u40XcdTfon6GGea70hBGi8Pd7ZymIXyVUR+vK8wt5Jb4MVKTKPIz43Myyebw5mZA=="
    },
    "node_modules/assemblyscript": {
      "version": "0.17.14",
      "resolved": "https://registry.npmjs.org/assemblyscript/-/assemblyscript-0.17.14.tgz",
      "integrity": "sha512-TLuwNvZAIH26wu2puKpAJokzLp10kJkVXxbgDjFFmbW9VF/qg7rkmi0hjsiu41bjoH1UaVgY4vYvbbUeOHtKyg==",
      "dev": true,
      "dependencies": {
        "binaryen": "98.0.0-nightly.20201109",
        "long": "^4.0.0"
      },
      "bin": {
        "asc": "bin/asc",
        "asinit": "bin/asinit"
      },
      "funding": {
        "type": "opencollective",
        "url": "https://opencollective.com/assemblyscript"
      }
    },
    "node_modules/binaryen": {
      "version": "98.0.0-nightly.20201109",
      "resolved": "https://registry.npmjs.org/binaryen/-/binaryen-98.0.0-nightly.20201109.tgz",
      "integrity": "sha512-iRarAqdH5lMWlMBzrDuJgLYJR2g4QXk93iYE2zpr6gEZkb/jCgDpPUXdhuN11Ge1zZ/6By4DwA1mmifcx7FWaw==",
      "dev": true,
      "bin": {
        "wasm-opt": "bin/wasm-opt"
      }
    },
    "node_modules/long": {
      "version": "4.0.0",
      "resolved": "https://registry.npmjs.org/long/-/long-4.0.0.tgz",
      "integrity": "sha512-XsP+KhQif4bjX1kbuSiySJFNAehNxgLb6hPRGJ9QsUr8ajHkuXGdrHmFUTUUXhDwVX2R5bY4JNZEwbUiMhV+MA==",
      "dev": true
    }
  },
  "dependencies": {
    "@assemblyscript/loader": {
      "version": "0.17.14",
      "resolved": "https://registry.npmjs.org/@assemblyscript/loader/-/loader-0.17.14.tgz",
      "integrity": "sha512-+PVTOfla/0XMLRTQLJFPg4u40XcdTfon6GGea70hBGi8Pd7ZymIXyVUR+vK8wt5Jb4MVKTKPIz43Myyebw5mZA=="
    },
    "assemblyscript": {
      "version": "0.17.14",
      "resolved": "https://registry.npmjs.org/assemblyscript/-/assemblyscript-0.17.14.tgz",
      "integrity": "sha512-TLuwNvZAIH26wu2puKpAJokzLp10kJkVXxbgDjFFmbW9VF/qg7rkmi0hjsiu41bjoH1UaVgY4vYvbbUeOHtKyg==",
      "dev": true,
      "requires": {
        "binaryen": "98.0.0-nightly.20201109",
        "long": "^4.0.0"
      }
    },
    "binaryen": {
      "version": "98.0.0-nightly.20201109",
      "resolved": "https://registry.npmjs.org/binaryen/-/binaryen-98.0.0-nightly.20201109.tgz",
      "integrity": "sha512-iRarAqdH5lMWlMBzrDuJgLYJR2g4QXk93iYE2zpr6gEZkb/jCgDpPUXdhuN11Ge1zZ/6By4DwA1mmifcx7FWaw==",
      "dev": true
    },
    "long": {
      "version": "4.0.0",
      "resolved": "https://registry.npmjs.org/long/-/long-4.0.0.tgz",
      "integrity": "sha512-XsP+KhQif4bjX1kbuSiySJFNAehNxgLb6hPRGJ9QsUr8ajHkuXGdrHmFUTUUXhDwVX2R5bY4JNZEwbUiMhV+MA==",
      "dev": true
    }
  }
}
